Microsoft Visual Studio Solution File, Format Version 12.00
# Visual Studio Version 17
VisualStudioVersion = 17.14.36429.23
MinimumVisualStudioVersion = 10.0.40219.1
Project("{FAE04EC0-301F-11D3-BF4B-00C04F79EFBC}") = "Veriado.WinUI", "Veriado.WinUI\Veriado.WinUI.csproj", "{DD7E39A9-548E-4BF2-918B-FFB26FF05BA0}"
EndProject
Project("{FAE04EC0-301F-11D3-BF4B-00C04F79EFBC}") = "Veriado.Domain", "Veriado.Domain\Veriado.Domain.csproj", "{86B8F682-4E4A-4E11-804A-3513C85B8ADB}"
EndProject
Project("{FAE04EC0-301F-11D3-BF4B-00C04F79EFBC}") = "Veriado.Infrastructure", "Veriado.Infrastructure\Veriado.Infrastructure.csproj", "{6FA76EE3-8C55-4176-AF31-CA4AD7DA6777}"
EndProject
Project("{FAE04EC0-301F-11D3-BF4B-00C04F79EFBC}") = "Veriado.Application", "Veriado.Application\Veriado.Application.csproj", "{A238B7DB-438E-4502-A0E1-068306307A3A}"
EndProject
Project("{FAE04EC0-301F-11D3-BF4B-00C04F79EFBC}") = "Veriado.Contracts", "Veriado.Contracts\Veriado.Contracts.csproj", "{E3CF91DC-9121-404E-81CA-1BFED5C38420}"
EndProject
Project("{FAE04EC0-301F-11D3-BF4B-00C04F79EFBC}") = "Veriado.Mapping", "Veriado.Mapping\Veriado.Mapping.csproj", "{66A7082C-0D5F-4A1C-82B5-C0D878DDCAE2}"
EndProject
Project("{FAE04EC0-301F-11D3-BF4B-00C04F79EFBC}") = "Veriado.Services", "Veriado.Services\Veriado.Services.csproj", "{62B8ABC0-5DB1-4F84-912F-6E9250AB8954}"
EndProject
Project("{2150E333-8FDC-42A3-9474-1A3956D46DE8}") = "Source", "Source", "{02EA681E-C7D8-13C7-8484-4AC65E1B71E8}"
EndProject
Global
	GlobalSection(SolutionConfigurationPlatforms) = preSolution
		Debug|ARM64 = Debug|ARM64
		Debug|x64 = Debug|x64
		Debug|x86 = Debug|x86
		Release|ARM64 = Release|ARM64
		Release|x64 = Release|x64
		Release|x86 = Release|x86
	EndGlobalSection
	GlobalSection(ProjectConfigurationPlatforms) = postSolution
		{DD7E39A9-548E-4BF2-918B-FFB26FF05BA0}.Debug|ARM64.ActiveCfg = Debug|ARM64
		{DD7E39A9-548E-4BF2-918B-FFB26FF05BA0}.Debug|ARM64.Build.0 = Debug|ARM64
		{DD7E39A9-548E-4BF2-918B-FFB26FF05BA0}.Debug|ARM64.Deploy.0 = Debug|ARM64
		{DD7E39A9-548E-4BF2-918B-FFB26FF05BA0}.Debug|x64.ActiveCfg = Debug|x64
		{DD7E39A9-548E-4BF2-918B-FFB26FF05BA0}.Debug|x64.Build.0 = Debug|x64
		{DD7E39A9-548E-4BF2-918B-FFB26FF05BA0}.Debug|x64.Deploy.0 = Debug|x64
		{DD7E39A9-548E-4BF2-918B-FFB26FF05BA0}.Debug|x86.ActiveCfg = Debug|x86
		{DD7E39A9-548E-4BF2-918B-FFB26FF05BA0}.Debug|x86.Build.0 = Debug|x86
		{DD7E39A9-548E-4BF2-918B-FFB26FF05BA0}.Debug|x86.Deploy.0 = Debug|x86
		{DD7E39A9-548E-4BF2-918B-FFB26FF05BA0}.Release|ARM64.ActiveCfg = Release|ARM64
		{DD7E39A9-548E-4BF2-918B-FFB26FF05BA0}.Release|ARM64.Build.0 = Release|ARM64
		{DD7E39A9-548E-4BF2-918B-FFB26FF05BA0}.Release|ARM64.Deploy.0 = Release|ARM64
		{DD7E39A9-548E-4BF2-918B-FFB26FF05BA0}.Release|x64.ActiveCfg = Release|x64
		{DD7E39A9-548E-4BF2-918B-FFB26FF05BA0}.Release|x64.Build.0 = Release|x64
		{DD7E39A9-548E-4BF2-918B-FFB26FF05BA0}.Release|x64.Deploy.0 = Release|x64
		{DD7E39A9-548E-4BF2-918B-FFB26FF05BA0}.Release|x86.ActiveCfg = Release|x86
		{DD7E39A9-548E-4BF2-918B-FFB26FF05BA0}.Release|x86.Build.0 = Release|x86
		{DD7E39A9-548E-4BF2-918B-FFB26FF05BA0}.Release|x86.Deploy.0 = Release|x86
		{86B8F682-4E4A-4E11-804A-3513C85B8ADB}.Debug|ARM64.ActiveCfg = Debug|Any CPU
		{86B8F682-4E4A-4E11-804A-3513C85B8ADB}.Debug|ARM64.Build.0 = Debug|Any CPU
		{86B8F682-4E4A-4E11-804A-3513C85B8ADB}.Debug|x64.ActiveCfg = Debug|Any CPU
		{86B8F682-4E4A-4E11-804A-3513C85B8ADB}.Debug|x64.Build.0 = Debug|Any CPU
		{86B8F682-4E4A-4E11-804A-3513C85B8ADB}.Debug|x86.ActiveCfg = Debug|Any CPU
		{86B8F682-4E4A-4E11-804A-3513C85B8ADB}.Debug|x86.Build.0 = Debug|Any CPU
		{86B8F682-4E4A-4E11-804A-3513C85B8ADB}.Release|ARM64.ActiveCfg = Release|Any CPU
		{86B8F682-4E4A-4E11-804A-3513C85B8ADB}.Release|ARM64.Build.0 = Release|Any CPU
		{86B8F682-4E4A-4E11-804A-3513C85B8ADB}.Release|x64.ActiveCfg = Release|Any CPU
		{86B8F682-4E4A-4E11-804A-3513C85B8ADB}.Release|x86.ActiveCfg = Release|Any CPU
		{86B8F682-4E4A-4E11-804A-3513C85B8ADB}.Release|x86.Build.0 = Release|Any CPU
		{6FA76EE3-8C55-4176-AF31-CA4AD7DA6777}.Debug|ARM64.ActiveCfg = Debug|Any CPU
		{6FA76EE3-8C55-4176-AF31-CA4AD7DA6777}.Debug|ARM64.Build.0 = Debug|Any CPU
		{6FA76EE3-8C55-4176-AF31-CA4AD7DA6777}.Debug|x64.ActiveCfg = Debug|Any CPU
		{6FA76EE3-8C55-4176-AF31-CA4AD7DA6777}.Debug|x64.Build.0 = Debug|Any CPU
		{6FA76EE3-8C55-4176-AF31-CA4AD7DA6777}.Debug|x86.ActiveCfg = Debug|Any CPU
		{6FA76EE3-8C55-4176-AF31-CA4AD7DA6777}.Debug|x86.Build.0 = Debug|Any CPU
		{6FA76EE3-8C55-4176-AF31-CA4AD7DA6777}.Release|ARM64.ActiveCfg = Release|Any CPU
		{6FA76EE3-8C55-4176-AF31-CA4AD7DA6777}.Release|ARM64.Build.0 = Release|Any CPU
		{6FA76EE3-8C55-4176-AF31-CA4AD7DA6777}.Release|x64.ActiveCfg = Release|Any CPU
		{6FA76EE3-8C55-4176-AF31-CA4AD7DA6777}.Release|x64.Build.0 = Release|Any CPU
		{6FA76EE3-8C55-4176-AF31-CA4AD7DA6777}.Release|x86.ActiveCfg = Release|Any CPU
		{6FA76EE3-8C55-4176-AF31-CA4AD7DA6777}.Release|x86.Build.0 = Release|Any CPU
		{A238B7DB-438E-4502-A0E1-068306307A3A}.Debug|ARM64.ActiveCfg = Debug|Any CPU
		{A238B7DB-438E-4502-A0E1-068306307A3A}.Debug|ARM64.Build.0 = Debug|Any CPU
		{A238B7DB-438E-4502-A0E1-068306307A3A}.Debug|x64.ActiveCfg = Debug|Any CPU
		{A238B7DB-438E-4502-A0E1-068306307A3A}.Debug|x64.Build.0 = Debug|Any CPU
		{A238B7DB-438E-4502-A0E1-068306307A3A}.Debug|x86.ActiveCfg = Debug|Any CPU
		{A238B7DB-438E-4502-A0E1-068306307A3A}.Debug|x86.Build.0 = Debug|Any CPU
		{A238B7DB-438E-4502-A0E1-068306307A3A}.Release|ARM64.ActiveCfg = Release|Any CPU
		{A238B7DB-438E-4502-A0E1-068306307A3A}.Release|ARM64.Build.0 = Release|Any CPU
		{A238B7DB-438E-4502-A0E1-068306307A3A}.Release|x64.ActiveCfg = Release|Any CPU
		{A238B7DB-438E-4502-A0E1-068306307A3A}.Release|x64.Build.0 = Release|Any CPU
		{A238B7DB-438E-4502-A0E1-068306307A3A}.Release|x86.ActiveCfg = Release|Any CPU
		{A238B7DB-438E-4502-A0E1-068306307A3A}.Release|x86.Build.0 = Release|Any CPU
		{E3CF91DC-9121-404E-81CA-1BFED5C38420}.Debug|ARM64.ActiveCfg = Debug|Any CPU
		{E3CF91DC-9121-404E-81CA-1BFED5C38420}.Debug|ARM64.Build.0 = Debug|Any CPU
		{E3CF91DC-9121-404E-81CA-1BFED5C38420}.Debug|x64.ActiveCfg = Debug|Any CPU
		{E3CF91DC-9121-404E-81CA-1BFED5C38420}.Debug|x64.Build.0 = Debug|Any CPU
		{E3CF91DC-9121-404E-81CA-1BFED5C38420}.Debug|x86.ActiveCfg = Debug|Any CPU
		{E3CF91DC-9121-404E-81CA-1BFED5C38420}.Debug|x86.Build.0 = Debug|Any CPU
		{E3CF91DC-9121-404E-81CA-1BFED5C38420}.Release|ARM64.ActiveCfg = Release|Any CPU
		{E3CF91DC-9121-404E-81CA-1BFED5C38420}.Release|ARM64.Build.0 = Release|Any CPU
		{E3CF91DC-9121-404E-81CA-1BFED5C38420}.Release|x64.ActiveCfg = Release|Any CPU
		{E3CF91DC-9121-404E-81CA-1BFED5C38420}.Release|x64.Build.0 = Release|Any CPU
		{E3CF91DC-9121-404E-81CA-1BFED5C38420}.Release|x86.ActiveCfg = Release|Any CPU
		{E3CF91DC-9121-404E-81CA-1BFED5C38420}.Release|x86.Build.0 = Release|Any CPU
		{66A7082C-0D5F-4A1C-82B5-C0D878DDCAE2}.Debug|ARM64.ActiveCfg = Debug|Any CPU
		{66A7082C-0D5F-4A1C-82B5-C0D878DDCAE2}.Debug|ARM64.Build.0 = Debug|Any CPU
		{66A7082C-0D5F-4A1C-82B5-C0D878DDCAE2}.Debug|x64.ActiveCfg = Debug|Any CPU
		{66A7082C-0D5F-4A1C-82B5-C0D878DDCAE2}.Debug|x64.Build.0 = Debug|Any CPU
		{66A7082C-0D5F-4A1C-82B5-C0D878DDCAE2}.Debug|x86.ActiveCfg = Debug|Any CPU
		{66A7082C-0D5F-4A1C-82B5-C0D878DDCAE2}.Debug|x86.Build.0 = Debug|Any CPU
		{66A7082C-0D5F-4A1C-82B5-C0D878DDCAE2}.Release|ARM64.ActiveCfg = Release|Any CPU
		{66A7082C-0D5F-4A1C-82B5-C0D878DDCAE2}.Release|ARM64.Build.0 = Release|Any CPU
		{66A7082C-0D5F-4A1C-82B5-C0D878DDCAE2}.Release|x64.ActiveCfg = Release|Any CPU
                {66A7082C-0D5F-4A1C-82B5-C0D878DDCAE2}.Release|x64.Build.0 = Release|Any CPU
                {66A7082C-0D5F-4A1C-82B5-C0D878DDCAE2}.Release|x86.ActiveCfg = Release|Any CPU
                {66A7082C-0D5F-4A1C-82B5-C0D878DDCAE2}.Release|x86.Build.0 = Release|Any CPU
                {62B8ABC0-5DB1-4F84-912F-6E9250AB8954}.Debug|ARM64.ActiveCfg = Debug|Any CPU
                {62B8ABC0-5DB1-4F84-912F-6E9250AB8954}.Debug|ARM64.Build.0 = Debug|Any CPU
                {62B8ABC0-5DB1-4F84-912F-6E9250AB8954}.Debug|x64.ActiveCfg = Debug|Any CPU
                {62B8ABC0-5DB1-4F84-912F-6E9250AB8954}.Debug|x64.Build.0 = Debug|Any CPU
                {62B8ABC0-5DB1-4F84-912F-6E9250AB8954}.Debug|x86.ActiveCfg = Debug|Any CPU
                {62B8ABC0-5DB1-4F84-912F-6E9250AB8954}.Debug|x86.Build.0 = Debug|Any CPU
                {62B8ABC0-5DB1-4F84-912F-6E9250AB8954}.Release|ARM64.ActiveCfg = Release|Any CPU
                {62B8ABC0-5DB1-4F84-912F-6E9250AB8954}.Release|ARM64.Build.0 = Release|Any CPU
                {62B8ABC0-5DB1-4F84-912F-6E9250AB8954}.Release|x64.ActiveCfg = Release|Any CPU
                {62B8ABC0-5DB1-4F84-912F-6E9250AB8954}.Release|x64.Build.0 = Release|Any CPU
                {62B8ABC0-5DB1-4F84-912F-6E9250AB8954}.Release|x86.ActiveCfg = Release|Any CPU
                {62B8ABC0-5DB1-4F84-912F-6E9250AB8954}.Release|x86.Build.0 = Release|Any CPU
        EndGlobalSection
	GlobalSection(SolutionProperties) = preSolution
		HideSolutionNode = FALSE
	EndGlobalSection
	GlobalSection(NestedProjects) = preSolution
		{DD7E39A9-548E-4BF2-918B-FFB26FF05BA0} = {02EA681E-C7D8-13C7-8484-4AC65E1B71E8}
		{86B8F682-4E4A-4E11-804A-3513C85B8ADB} = {02EA681E-C7D8-13C7-8484-4AC65E1B71E8}
		{6FA76EE3-8C55-4176-AF31-CA4AD7DA6777} = {02EA681E-C7D8-13C7-8484-4AC65E1B71E8}
		{A238B7DB-438E-4502-A0E1-068306307A3A} = {02EA681E-C7D8-13C7-8484-4AC65E1B71E8}
                {E3CF91DC-9121-404E-81CA-1BFED5C38420} = {02EA681E-C7D8-13C7-8484-4AC65E1B71E8}
                {66A7082C-0D5F-4A1C-82B5-C0D878DDCAE2} = {02EA681E-C7D8-13C7-8484-4AC65E1B71E8}
                {62B8ABC0-5DB1-4F84-912F-6E9250AB8954} = {02EA681E-C7D8-13C7-8484-4AC65E1B71E8}
        EndGlobalSection
	GlobalSection(ExtensibilityGlobals) = postSolution
		SolutionGuid = {015A55A8-BE3A-4015-BDD2-CBAE0F721F7E}
	EndGlobalSection
EndGlobal
